// !$*UTF8*$!
{
	archiveVersion = 1;
	classes = {
	};
	objectVersion = 46;
	objects = {

/* Begin PBXBuildFile section */
		1C28F74719635A6B00A63F9B /* GFHTTPClient.m in Sources */ = {isa = PBXBuildFile; fileRef = 1C28F74419635A6B00A63F9B /* GFHTTPClient.m */; };
		1C91F55E1958D29B00BFC020 /* GFSeekSlider.m in Sources */ = {isa = PBXBuildFile; fileRef = 1C91F55D1958D29B00BFC020 /* GFSeekSlider.m */; };
		1CA12DF81954C6840049F412 /* Foundation.framework in Frameworks */ = {isa = PBXBuildFile; fileRef = 1CA12DF71954C6840049F412 /* Foundation.framework */; };
		1CA12DFA1954C6840049F412 /* CoreGraphics.framework in Frameworks */ = {isa = PBXBuildFile; fileRef = 1CA12DF91954C6840049F412 /* CoreGraphics.framework */; };
		1CA12DFC1954C6840049F412 /* UIKit.framework in Frameworks */ = {isa = PBXBuildFile; fileRef = 1CA12DFB1954C6840049F412 /* UIKit.framework */; };
		1CA12E021954C6840049F412 /* InfoPlist.strings in Resources */ = {isa = PBXBuildFile; fileRef = 1CA12E001954C6840049F412 /* InfoPlist.strings */; };
		1CA12E041954C6840049F412 /* main.m in Sources */ = {isa = PBXBuildFile; fileRef = 1CA12E031954C6840049F412 /* main.m */; };
		1CA12E081954C6840049F412 /* GFAppDelegate.m in Sources */ = {isa = PBXBuildFile; fileRef = 1CA12E071954C6840049F412 /* GFAppDelegate.m */; };
		1CA12E0B1954C6840049F412 /* Main_iPhone.storyboard in Resources */ = {isa = PBXBuildFile; fileRef = 1CA12E091954C6840049F412 /* Main_iPhone.storyboard */; };
		1CA12E0E1954C6840049F412 /* Main_iPad.storyboard in Resources */ = {isa = PBXBuildFile; fileRef = 1CA12E0C1954C6840049F412 /* Main_iPad.storyboard */; };
		1CA12E111954C6840049F412 /* GFStartViewController.m in Sources */ = {isa = PBXBuildFile; fileRef = 1CA12E101954C6840049F412 /* GFStartViewController.m */; };
		1CA12E131954C6840049F412 /* Images.xcassets in Resources */ = {isa = PBXBuildFile; fileRef = 1CA12E121954C6840049F412 /* Images.xcassets */; };
		1CA12E1A1954C6840049F412 /* XCTest.framework in Frameworks */ = {isa = PBXBuildFile; fileRef = 1CA12E191954C6840049F412 /* XCTest.framework */; };
		1CA12E1B1954C6840049F412 /* Foundation.framework in Frameworks */ = {isa = PBXBuildFile; fileRef = 1CA12DF71954C6840049F412 /* Foundation.framework */; };
		1CA12E1C1954C6840049F412 /* UIKit.framework in Frameworks */ = {isa = PBXBuildFile; fileRef = 1CA12DFB1954C6840049F412 /* UIKit.framework */; };
		1CA12E241954C6840049F412 /* InfoPlist.strings in Resources */ = {isa = PBXBuildFile; fileRef = 1CA12E221954C6840049F412 /* InfoPlist.strings */; };
		1CA12E261954C6840049F412 /* VKMusicTests.m in Sources */ = {isa = PBXBuildFile; fileRef = 1CA12E251954C6840049F412 /* VKMusicTests.m */; };
		1CA12E301954D1670049F412 /* 150.png in Resources */ = {isa = PBXBuildFile; fileRef = 1CA12E2F1954D1670049F412 /* 150.png */; };
		1CA12E3B1954D4F10049F412 /* libVKSdk.a in Frameworks */ = {isa = PBXBuildFile; fileRef = 1CA12E381954D4E40049F412 /* libVKSdk.a */; };
		1CA12E45195583D60049F412 /* VKSdkResources.bundle in Resources */ = {isa = PBXBuildFile; fileRef = 1CA12E43195583B40049F412 /* VKSdkResources.bundle */; };
		1CA12E481955DA200049F412 /* GFAudiosViewController.m in Sources */ = {isa = PBXBuildFile; fileRef = 1CA12E471955DA200049F412 /* GFAudiosViewController.m */; };
		1CA12E4F1955F5BA0049F412 /* GFPlayerViewController.m in Sources */ = {isa = PBXBuildFile; fileRef = 1CA12E4E1955F5BA0049F412 /* GFPlayerViewController.m */; };
		1CA44D7D195A0E8D002D0D64 /* GFAudioPlayer.m in Sources */ = {isa = PBXBuildFile; fileRef = 1CA44D7C195A0E8D002D0D64 /* GFAudioPlayer.m */; };
		1CA44D81195A2E89002D0D64 /* MediaPlayer.framework in Frameworks */ = {isa = PBXBuildFile; fileRef = 1CA44D80195A2E89002D0D64 /* MediaPlayer.framework */; };
		1CA44D85195B51F4002D0D64 /* Model.xcdatamodeld in Sources */ = {isa = PBXBuildFile; fileRef = 1CA44D83195B51F4002D0D64 /* Model.xcdatamodeld */; };
		1CA44D8E195B567F002D0D64 /* _GFAudio.m in Sources */ = {isa = PBXBuildFile; fileRef = 1CA44D87195B567F002D0D64 /* _GFAudio.m */; };
		1CA44D8F195B567F002D0D64 /* _GFPlaylist.m in Sources */ = {isa = PBXBuildFile; fileRef = 1CA44D89195B567F002D0D64 /* _GFPlaylist.m */; };
		1CA44D90195B567F002D0D64 /* GFAudio.m in Sources */ = {isa = PBXBuildFile; fileRef = 1CA44D8B195B567F002D0D64 /* GFAudio.m */; };
		1CA44D91195B567F002D0D64 /* GFPlaylist.m in Sources */ = {isa = PBXBuildFile; fileRef = 1CA44D8D195B567F002D0D64 /* GFPlaylist.m */; };
		1CA44D9E195B573B002D0D64 /* GFMappingManager.m in Sources */ = {isa = PBXBuildFile; fileRef = 1CA44D95195B573B002D0D64 /* GFMappingManager.m */; };
		1CA44DA0195B573B002D0D64 /* GFModelManager.m in Sources */ = {isa = PBXBuildFile; fileRef = 1CA44D9A195B573B002D0D64 /* GFModelManager.m */; };
		1CA44DA1195B573B002D0D64 /* NSManagedObjectContext+Helpers.m in Sources */ = {isa = PBXBuildFile; fileRef = 1CA44D9C195B573B002D0D64 /* NSManagedObjectContext+Helpers.m */; };
/* End PBXBuildFile section */

/* Begin PBXContainerItemProxy section */
		1CA12E1D1954C6840049F412 /* PBXContainerItemProxy */ = {
			isa = PBXContainerItemProxy;
			containerPortal = 1CA12DEC1954C6840049F412 /* Project object */;
			proxyType = 1;
			remoteGlobalIDString = 1CA12DF31954C6840049F412;
			remoteInfo = VKMusic;
		};
		1CA12E371954D4E40049F412 /* PBXContainerItemProxy */ = {
			isa = PBXContainerItemProxy;
			containerPortal = 1CA12E321954D4E40049F412 /* sdk.xcodeproj */;
			proxyType = 2;
			remoteGlobalIDString = F3C7542D182133CC00964716;
			remoteInfo = VKSdk;
		};
		1CA12E391954D4E40049F412 /* PBXContainerItemProxy */ = {
			isa = PBXContainerItemProxy;
			containerPortal = 1CA12E321954D4E40049F412 /* sdk.xcodeproj */;
			proxyType = 2;
			remoteGlobalIDString = F3BACC401865905B003158DA;
			remoteInfo = VKSdkResources;
		};
/* End PBXContainerItemProxy section */

/* Begin PBXFileReference section */
		1C28F74419635A6B00A63F9B /* GFHTTPClient.m */ = {isa = PBXFileReference; fileEncoding = 4; lastKnownFileType = sourcecode.c.objc; path = GFHTTPClient.m; sourceTree = "<group>"; };
		1C28F74519635A6B00A63F9B /* GFHTTPClient.h */ = {isa = PBXFileReference; fileEncoding = 4; lastKnownFileType = sourcecode.c.h; path = GFHTTPClient.h; sourceTree = "<group>"; };
		1C91F55C1958D29B00BFC020 /* GFSeekSlider.h */ = {isa = PBXFileReference; fileEncoding = 4; lastKnownFileType = sourcecode.c.h; path = GFSeekSlider.h; sourceTree = "<group>"; };
		1C91F55D1958D29B00BFC020 /* GFSeekSlider.m */ = {isa = PBXFileReference; fileEncoding = 4; lastKnownFileType = sourcecode.c.objc; path = GFSeekSlider.m; sourceTree = "<group>"; };
		1CA12DF41954C6840049F412 /* VKMusic.app */ = {isa = PBXFileReference; explicitFileType = wrapper.application; includeInIndex = 0; path = VKMusic.app; sourceTree = BUILT_PRODUCTS_DIR; };
		1CA12DF71954C6840049F412 /* Foundation.framework */ = {isa = PBXFileReference; lastKnownFileType = wrapper.framework; name = Foundation.framework; path = System/Library/Frameworks/Foundation.framework; sourceTree = SDKROOT; };
		1CA12DF91954C6840049F412 /* CoreGraphics.framework */ = {isa = PBXFileReference; lastKnownFileType = wrapper.framework; name = CoreGraphics.framework; path = System/Library/Frameworks/CoreGraphics.framework; sourceTree = SDKROOT; };
		1CA12DFB1954C6840049F412 /* UIKit.framework */ = {isa = PBXFileReference; lastKnownFileType = wrapper.framework; name = UIKit.framework; path = System/Library/Frameworks/UIKit.framework; sourceTree = SDKROOT; };
		1CA12DFF1954C6840049F412 /* VKMusic-Info.plist */ = {isa = PBXFileReference; lastKnownFileType = text.plist.xml; path = "VKMusic-Info.plist"; sourceTree = "<group>"; };
		1CA12E011954C6840049F412 /* en */ = {isa = PBXFileReference; lastKnownFileType = text.plist.strings; name = en; path = en.lproj/InfoPlist.strings; sourceTree = "<group>"; };
		1CA12E031954C6840049F412 /* main.m */ = {isa = PBXFileReference; lastKnownFileType = sourcecode.c.objc; path = main.m; sourceTree = "<group>"; };
		1CA12E051954C6840049F412 /* VKMusic-Prefix.pch */ = {isa = PBXFileReference; lastKnownFileType = sourcecode.c.h; path = "VKMusic-Prefix.pch"; sourceTree = "<group>"; };
		1CA12E061954C6840049F412 /* GFAppDelegate.h */ = {isa = PBXFileReference; lastKnownFileType = sourcecode.c.h; path = GFAppDelegate.h; sourceTree = "<group>"; };
		1CA12E071954C6840049F412 /* GFAppDelegate.m */ = {isa = PBXFileReference; lastKnownFileType = sourcecode.c.objc; path = GFAppDelegate.m; sourceTree = "<group>"; };
		1CA12E0A1954C6840049F412 /* Base */ = {isa = PBXFileReference; lastKnownFileType = file.storyboard; name = Base; path = Base.lproj/Main_iPhone.storyboard; sourceTree = "<group>"; };
		1CA12E0D1954C6840049F412 /* Base */ = {isa = PBXFileReference; lastKnownFileType = file.storyboard; name = Base; path = Base.lproj/Main_iPad.storyboard; sourceTree = "<group>"; };
		1CA12E0F1954C6840049F412 /* GFStartViewController.h */ = {isa = PBXFileReference; lastKnownFileType = sourcecode.c.h; path = GFStartViewController.h; sourceTree = "<group>"; };
		1CA12E101954C6840049F412 /* GFStartViewController.m */ = {isa = PBXFileReference; lastKnownFileType = sourcecode.c.objc; path = GFStartViewController.m; sourceTree = "<group>"; };
		1CA12E121954C6840049F412 /* Images.xcassets */ = {isa = PBXFileReference; lastKnownFileType = folder.assetcatalog; path = Images.xcassets; sourceTree = "<group>"; };
		1CA12E181954C6840049F412 /* VKMusicTests.xctest */ = {isa = PBXFileReference; explicitFileType = wrapper.cfbundle; includeInIndex = 0; path = VKMusicTests.xctest; sourceTree = BUILT_PRODUCTS_DIR; };
		1CA12E191954C6840049F412 /* XCTest.framework */ = {isa = PBXFileReference; lastKnownFileType = wrapper.framework; name = XCTest.framework; path = Library/Frameworks/XCTest.framework; sourceTree = DEVELOPER_DIR; };
		1CA12E211954C6840049F412 /* VKMusicTests-Info.plist */ = {isa = PBXFileReference; lastKnownFileType = text.plist.xml; path = "VKMusicTests-Info.plist"; sourceTree = "<group>"; };
		1CA12E231954C6840049F412 /* en */ = {isa = PBXFileReference; lastKnownFileType = text.plist.strings; name = en; path = en.lproj/InfoPlist.strings; sourceTree = "<group>"; };
		1CA12E251954C6840049F412 /* VKMusicTests.m */ = {isa = PBXFileReference; lastKnownFileType = sourcecode.c.objc; path = VKMusicTests.m; sourceTree = "<group>"; };
		1CA12E2F1954D1670049F412 /* 150.png */ = {isa = PBXFileReference; lastKnownFileType = image.png; path = 150.png; sourceTree = "<group>"; };
		1CA12E321954D4E40049F412 /* sdk.xcodeproj */ = {isa = PBXFileReference; lastKnownFileType = "wrapper.pb-project"; name = sdk.xcodeproj; path = "vk-ios-sdk/sdk/sdk.xcodeproj"; sourceTree = "<group>"; };
		1CA12E43195583B40049F412 /* VKSdkResources.bundle */ = {isa = PBXFileReference; lastKnownFileType = "wrapper.plug-in"; name = VKSdkResources.bundle; path = "vk-ios-sdk/VKSdkResources.bundle"; sourceTree = "<group>"; };
		1CA12E461955DA200049F412 /* GFAudiosViewController.h */ = {isa = PBXFileReference; fileEncoding = 4; lastKnownFileType = sourcecode.c.h; path = GFAudiosViewController.h; sourceTree = "<group>"; };
		1CA12E471955DA200049F412 /* GFAudiosViewController.m */ = {isa = PBXFileReference; fileEncoding = 4; lastKnownFileType = sourcecode.c.objc; path = GFAudiosViewController.m; sourceTree = "<group>"; };
		1CA12E4D1955F5BA0049F412 /* GFPlayerViewController.h */ = {isa = PBXFileReference; fileEncoding = 4; lastKnownFileType = sourcecode.c.h; path = GFPlayerViewController.h; sourceTree = "<group>"; };
		1CA12E4E1955F5BA0049F412 /* GFPlayerViewController.m */ = {isa = PBXFileReference; fileEncoding = 4; lastKnownFileType = sourcecode.c.objc; path = GFPlayerViewController.m; sourceTree = "<group>"; };
		1CA44D7B195A0E8D002D0D64 /* GFAudioPlayer.h */ = {isa = PBXFileReference; fileEncoding = 4; lastKnownFileType = sourcecode.c.h; path = GFAudioPlayer.h; sourceTree = "<group>"; };
		1CA44D7C195A0E8D002D0D64 /* GFAudioPlayer.m */ = {isa = PBXFileReference; fileEncoding = 4; lastKnownFileType = sourcecode.c.objc; path = GFAudioPlayer.m; sourceTree = "<group>"; };
		1CA44D80195A2E89002D0D64 /* MediaPlayer.framework */ = {isa = PBXFileReference; lastKnownFileType = wrapper.framework; name = MediaPlayer.framework; path = System/Library/Frameworks/MediaPlayer.framework; sourceTree = SDKROOT; };
		1CA44D84195B51F4002D0D64 /* Model.xcdatamodel */ = {isa = PBXFileReference; lastKnownFileType = wrapper.xcdatamodel; path = Model.xcdatamodel; sourceTree = "<group>"; };
		1CA44D86195B567F002D0D64 /* _GFAudio.h */ = {isa = PBXFileReference; fileEncoding = 4; lastKnownFileType = sourcecode.c.h; path = _GFAudio.h; sourceTree = "<group>"; };
		1CA44D87195B567F002D0D64 /* _GFAudio.m */ = {isa = PBXFileReference; fileEncoding = 4; lastKnownFileType = sourcecode.c.objc; path = _GFAudio.m; sourceTree = "<group>"; };
		1CA44D88195B567F002D0D64 /* _GFPlaylist.h */ = {isa = PBXFileReference; fileEncoding = 4; lastKnownFileType = sourcecode.c.h; path = _GFPlaylist.h; sourceTree = "<group>"; };
		1CA44D89195B567F002D0D64 /* _GFPlaylist.m */ = {isa = PBXFileReference; fileEncoding = 4; lastKnownFileType = sourcecode.c.objc; path = _GFPlaylist.m; sourceTree = "<group>"; };
		1CA44D8A195B567F002D0D64 /* GFAudio.h */ = {isa = PBXFileReference; fileEncoding = 4; lastKnownFileType = sourcecode.c.h; path = GFAudio.h; sourceTree = "<group>"; };
		1CA44D8B195B567F002D0D64 /* GFAudio.m */ = {isa = PBXFileReference; fileEncoding = 4; lastKnownFileType = sourcecode.c.objc; path = GFAudio.m; sourceTree = "<group>"; };
		1CA44D8C195B567F002D0D64 /* GFPlaylist.h */ = {isa = PBXFileReference; fileEncoding = 4; lastKnownFileType = sourcecode.c.h; path = GFPlaylist.h; sourceTree = "<group>"; };
		1CA44D8D195B567F002D0D64 /* GFPlaylist.m */ = {isa = PBXFileReference; fileEncoding = 4; lastKnownFileType = sourcecode.c.objc; path = GFPlaylist.m; sourceTree = "<group>"; };
		1CA44D94195B573A002D0D64 /* GFMappingManager.h */ = {isa = PBXFileReference; fileEncoding = 4; lastKnownFileType = sourcecode.c.h; path = GFMappingManager.h; sourceTree = "<group>"; };
		1CA44D95195B573B002D0D64 /* GFMappingManager.m */ = {isa = PBXFileReference; fileEncoding = 4; lastKnownFileType = sourcecode.c.objc; path = GFMappingManager.m; sourceTree = "<group>"; };
		1CA44D99195B573B002D0D64 /* GFModelManager.h */ = {isa = PBXFileReference; fileEncoding = 4; lastKnownFileType = sourcecode.c.h; path = GFModelManager.h; sourceTree = "<group>"; };
		1CA44D9A195B573B002D0D64 /* GFModelManager.m */ = {isa = PBXFileReference; fileEncoding = 4; lastKnownFileType = sourcecode.c.objc; path = GFModelManager.m; sourceTree = "<group>"; };
		1CA44D9B195B573B002D0D64 /* NSManagedObjectContext+Helpers.h */ = {isa = PBXFileReference; fileEncoding = 4; lastKnownFileType = sourcecode.c.h; path = "NSManagedObjectContext+Helpers.h"; sourceTree = "<group>"; };
		1CA44D9C195B573B002D0D64 /* NSManagedObjectContext+Helpers.m */ = {isa = PBXFileReference; fileEncoding = 4; lastKnownFileType = sourcecode.c.objc; path = "NSManagedObjectContext+Helpers.m"; sourceTree = "<group>"; };
/* End PBXFileReference section */

/* Begin PBXFrameworksBuildPhase section */
		1CA12DF11954C6840049F412 /* Frameworks */ = {
			isa = PBXFrameworksBuildPhase;
			buildActionMask = 2147483647;
			files = (
				1CA44D81195A2E89002D0D64 /* MediaPlayer.framework in Frameworks */,
				1CA12E3B1954D4F10049F412 /* libVKSdk.a in Frameworks */,
				1CA12DFA1954C6840049F412 /* CoreGraphics.framework in Frameworks */,
				1CA12DFC1954C6840049F412 /* UIKit.framework in Frameworks */,
				1CA12DF81954C6840049F412 /* Foundation.framework in Frameworks */,
			);
			runOnlyForDeploymentPostprocessing = 0;
		};
		1CA12E151954C6840049F412 /* Frameworks */ = {
			isa = PBXFrameworksBuildPhase;
			buildActionMask = 2147483647;
			files = (
				1CA12E1A1954C6840049F412 /* XCTest.framework in Frameworks */,
				1CA12E1C1954C6840049F412 /* UIKit.framework in Frameworks */,
				1CA12E1B1954C6840049F412 /* Foundation.framework in Frameworks */,
			);
			runOnlyForDeploymentPostprocessing = 0;
		};
/* End PBXFrameworksBuildPhase section */

/* Begin PBXGroup section */
		1CA12DEB1954C6840049F412 = {
			isa = PBXGroup;
			children = (
				1CA12E2F1954D1670049F412 /* 150.png */,
				1CA12E43195583B40049F412 /* VKSdkResources.bundle */,
				1CA12E311954D4CA0049F412 /* Vendor */,
				1CA12DFD1954C6840049F412 /* VKMusic */,
				1CA12E1F1954C6840049F412 /* VKMusicTests */,
				1CA12DF61954C6840049F412 /* Frameworks */,
				1CA12DF51954C6840049F412 /* Products */,
			);
			sourceTree = "<group>";
		};
		1CA12DF51954C6840049F412 /* Products */ = {
			isa = PBXGroup;
			children = (
				1CA12DF41954C6840049F412 /* VKMusic.app */,
				1CA12E181954C6840049F412 /* VKMusicTests.xctest */,
			);
			name = Products;
			sourceTree = "<group>";
		};
		1CA12DF61954C6840049F412 /* Frameworks */ = {
			isa = PBXGroup;
			children = (
				1CA44D80195A2E89002D0D64 /* MediaPlayer.framework */,
				1CA12DF71954C6840049F412 /* Foundation.framework */,
				1CA12DF91954C6840049F412 /* CoreGraphics.framework */,
				1CA12DFB1954C6840049F412 /* UIKit.framework */,
				1CA12E191954C6840049F412 /* XCTest.framework */,
			);
			name = Frameworks;
			sourceTree = "<group>";
		};
		1CA12DFD1954C6840049F412 /* VKMusic */ = {
			isa = PBXGroup;
			children = (
				1CA12E061954C6840049F412 /* GFAppDelegate.h */,
				1CA12E071954C6840049F412 /* GFAppDelegate.m */,
				1CA44D93195B569B002D0D64 /* Model */,
				1CA44D94195B573A002D0D64 /* GFMappingManager.h */,
				1CA44D95195B573B002D0D64 /* GFMappingManager.m */,
				1CA44D99195B573B002D0D64 /* GFModelManager.h */,
				1CA44D9A195B573B002D0D64 /* GFModelManager.m */,
				1C28F74519635A6B00A63F9B /* GFHTTPClient.h */,
				1C28F74419635A6B00A63F9B /* GFHTTPClient.m */,
				1CA44D9B195B573B002D0D64 /* NSManagedObjectContext+Helpers.h */,
				1CA44D9C195B573B002D0D64 /* NSManagedObjectContext+Helpers.m */,
				1CA12E091954C6840049F412 /* Main_iPhone.storyboard */,
				1CA12E0C1954C6840049F412 /* Main_iPad.storyboard */,
				1CA12E0F1954C6840049F412 /* GFStartViewController.h */,
				1CA12E101954C6840049F412 /* GFStartViewController.m */,
				1CA12E461955DA200049F412 /* GFAudiosViewController.h */,
				1CA12E471955DA200049F412 /* GFAudiosViewController.m */,
				1CA12E4D1955F5BA0049F412 /* GFPlayerViewController.h */,
				1CA12E4E1955F5BA0049F412 /* GFPlayerViewController.m */,
				1CA44D7B195A0E8D002D0D64 /* GFAudioPlayer.h */,
				1CA44D7C195A0E8D002D0D64 /* GFAudioPlayer.m */,
				1C91F55C1958D29B00BFC020 /* GFSeekSlider.h */,
				1C91F55D1958D29B00BFC020 /* GFSeekSlider.m */,
				1CA12E121954C6840049F412 /* Images.xcassets */,
				1CA12DFE1954C6840049F412 /* Supporting Files */,
			);
			path = VKMusic;
			sourceTree = "<group>";
		};
		1CA12DFE1954C6840049F412 /* Supporting Files */ = {
			isa = PBXGroup;
			children = (
				1CA12DFF1954C6840049F412 /* VKMusic-Info.plist */,
				1CA12E001954C6840049F412 /* InfoPlist.strings */,
				1CA12E031954C6840049F412 /* main.m */,
				1CA12E051954C6840049F412 /* VKMusic-Prefix.pch */,
			);
			name = "Supporting Files";
			sourceTree = "<group>";
		};
		1CA12E1F1954C6840049F412 /* VKMusicTests */ = {
			isa = PBXGroup;
			children = (
				1CA12E251954C6840049F412 /* VKMusicTests.m */,
				1CA12E201954C6840049F412 /* Supporting Files */,
			);
			path = VKMusicTests;
			sourceTree = "<group>";
		};
		1CA12E201954C6840049F412 /* Supporting Files */ = {
			isa = PBXGroup;
			children = (
				1CA12E211954C6840049F412 /* VKMusicTests-Info.plist */,
				1CA12E221954C6840049F412 /* InfoPlist.strings */,
			);
			name = "Supporting Files";
			sourceTree = "<group>";
		};
		1CA12E311954D4CA0049F412 /* Vendor */ = {
			isa = PBXGroup;
			children = (
				1CA44D82195B5186002D0D64 /* VKSdk */,
			);
			name = Vendor;
			sourceTree = "<group>";
		};
		1CA12E331954D4E40049F412 /* Products */ = {
			isa = PBXGroup;
			children = (
				1CA12E381954D4E40049F412 /* libVKSdk.a */,
				1CA12E3A1954D4E40049F412 /* VKSdkResources.bundle */,
			);
			name = Products;
			sourceTree = "<group>";
		};
		1CA44D82195B5186002D0D64 /* VKSdk */ = {
			isa = PBXGroup;
			children = (
				1CA12E321954D4E40049F412 /* sdk.xcodeproj */,
			);
			name = VKSdk;
			sourceTree = "<group>";
		};
		1CA44D92195B5688002D0D64 /* Auto */ = {
			isa = PBXGroup;
			children = (
				1CA44D86195B567F002D0D64 /* _GFAudio.h */,
				1CA44D87195B567F002D0D64 /* _GFAudio.m */,
				1CA44D88195B567F002D0D64 /* _GFPlaylist.h */,
				1CA44D89195B567F002D0D64 /* _GFPlaylist.m */,
			);
			name = Auto;
			sourceTree = "<group>";
		};
		1CA44D93195B569B002D0D64 /* Model */ = {
			isa = PBXGroup;
			children = (
				1CA44D83195B51F4002D0D64 /* Model.xcdatamodeld */,
				1CA44D92195B5688002D0D64 /* Auto */,
				1CA44D8A195B567F002D0D64 /* GFAudio.h */,
				1CA44D8B195B567F002D0D64 /* GFAudio.m */,
				1CA44D8C195B567F002D0D64 /* GFPlaylist.h */,
				1CA44D8D195B567F002D0D64 /* GFPlaylist.m */,
			);
			name = Model;
			sourceTree = "<group>";
		};
/* End PBXGroup section */

/* Begin PBXNativeTarget section */
		1CA12DF31954C6840049F412 /* VKMusic */ = {
			isa = PBXNativeTarget;
			buildConfigurationList = 1CA12E291954C6840049F412 /* Build configuration list for PBXNativeTarget "VKMusic" */;
			buildPhases = (
				1CA12DF01954C6840049F412 /* Sources */,
				1CA12DF11954C6840049F412 /* Frameworks */,
				1CA12DF21954C6840049F412 /* Resources */,
			);
			buildRules = (
			);
			dependencies = (
			);
			name = VKMusic;
			productName = VKMusic;
			productReference = 1CA12DF41954C6840049F412 /* VKMusic.app */;
			productType = "com.apple.product-type.application";
		};
		1CA12E171954C6840049F412 /* VKMusicTests */ = {
			isa = PBXNativeTarget;
			buildConfigurationList = 1CA12E2C1954C6840049F412 /* Build configuration list for PBXNativeTarget "VKMusicTests" */;
			buildPhases = (
				1CA12E141954C6840049F412 /* Sources */,
				1CA12E151954C6840049F412 /* Frameworks */,
				1CA12E161954C6840049F412 /* Resources */,
			);
			buildRules = (
			);
			dependencies = (
				1CA12E1E1954C6840049F412 /* PBXTargetDependency */,
			);
			name = VKMusicTests;
			productName = VKMusicTests;
			productReference = 1CA12E181954C6840049F412 /* VKMusicTests.xctest */;
			productType = "com.apple.product-type.bundle.unit-test";
		};
/* End PBXNativeTarget section */

/* Begin PBXProject section */
		1CA12DEC1954C6840049F412 /* Project object */ = {
			isa = PBXProject;
			attributes = {
				CLASSPREFIX = GF;
				LastUpgradeCheck = 0510;
				ORGANIZATIONNAME = "Sergey Shpygar";
				TargetAttributes = {
					1CA12DF31954C6840049F412 = {
						SystemCapabilities = {
							com.apple.BackgroundModes = {
								enabled = 1;
							};
						};
					};
					1CA12E171954C6840049F412 = {
						TestTargetID = 1CA12DF31954C6840049F412;
					};
				};
			};
			buildConfigurationList = 1CA12DEF1954C6840049F412 /* Build configuration list for PBXProject "VKMusic" */;
			compatibilityVersion = "Xcode 3.2";
			developmentRegion = English;
			hasScannedForEncodings = 0;
			knownRegions = (
				en,
				Base,
			);
			mainGroup = 1CA12DEB1954C6840049F412;
			productRefGroup = 1CA12DF51954C6840049F412 /* Products */;
			projectDirPath = "";
			projectReferences = (
				{
					ProductGroup = 1CA12E331954D4E40049F412 /* Products */;
					ProjectRef = 1CA12E321954D4E40049F412 /* sdk.xcodeproj */;
				},
			);
			projectRoot = "";
			targets = (
				1CA12DF31954C6840049F412 /* VKMusic */,
				1CA12E171954C6840049F412 /* VKMusicTests */,
			);
		};
/* End PBXProject section */

/* Begin PBXReferenceProxy section */
		1CA12E381954D4E40049F412 /* libVKSdk.a */ = {
			isa = PBXReferenceProxy;
			fileType = archive.ar;
			path = libVKSdk.a;
			remoteRef = 1CA12E371954D4E40049F412 /* PBXContainerItemProxy */;
			sourceTree = BUILT_PRODUCTS_DIR;
		};
		1CA12E3A1954D4E40049F412 /* VKSdkResources.bundle */ = {
			isa = PBXReferenceProxy;
			fileType = wrapper.cfbundle;
			path = VKSdkResources.bundle;
			remoteRef = 1CA12E391954D4E40049F412 /* PBXContainerItemProxy */;
			sourceTree = BUILT_PRODUCTS_DIR;
		};
/* End PBXReferenceProxy section */

/* Begin PBXResourcesBuildPhase section */
		1CA12DF21954C6840049F412 /* Resources */ = {
			isa = PBXResourcesBuildPhase;
			buildActionMask = 2147483647;
			files = (
				1CA12E0E1954C6840049F412 /* Main_iPad.storyboard in Resources */,
				1CA12E301954D1670049F412 /* 150.png in Resources */,
				1CA12E45195583D60049F412 /* VKSdkResources.bundle in Resources */,
				1CA12E131954C6840049F412 /* Images.xcassets in Resources */,
				1CA12E0B1954C6840049F412 /* Main_iPhone.storyboard in Resources */,
				1CA12E021954C6840049F412 /* InfoPlist.strings in Resources */,
			);
			runOnlyForDeploymentPostprocessing = 0;
		};
		1CA12E161954C6840049F412 /* Resources */ = {
			isa = PBXResourcesBuildPhase;
			buildActionMask = 2147483647;
			files = (
				1CA12E241954C6840049F412 /* InfoPlist.strings in Resources */,
			);
			runOnlyForDeploymentPostprocessing = 0;
		};
/* End PBXResourcesBuildPhase section */

/* Begin PBXSourcesBuildPhase section */
		1CA12DF01954C6840049F412 /* Sources */ = {
			isa = PBXSourcesBuildPhase;
			buildActionMask = 2147483647;
			files = (
				1CA44D8F195B567F002D0D64 /* _GFPlaylist.m in Sources */,
				1CA44D9E195B573B002D0D64 /* GFMappingManager.m in Sources */,
				1C28F74719635A6B00A63F9B /* GFHTTPClient.m in Sources */,
				1CA12E4F1955F5BA0049F412 /* GFPlayerViewController.m in Sources */,
				1CA44D91195B567F002D0D64 /* GFPlaylist.m in Sources */,
				1CA12E481955DA200049F412 /* GFAudiosViewController.m in Sources */,
				1CA44DA1195B573B002D0D64 /* NSManagedObjectContext+Helpers.m in Sources */,
				1CA12E041954C6840049F412 /* main.m in Sources */,
				1CA44D85195B51F4002D0D64 /* Model.xcdatamodeld in Sources */,
				1CA12E111954C6840049F412 /* GFStartViewController.m in Sources */,
				1CA44D90195B567F002D0D64 /* GFAudio.m in Sources */,
				1CA44D8E195B567F002D0D64 /* _GFAudio.m in Sources */,
				1CA44DA0195B573B002D0D64 /* GFModelManager.m in Sources */,
				1CA12E081954C6840049F412 /* GFAppDelegate.m in Sources */,
				1C91F55E1958D29B00BFC020 /* GFSeekSlider.m in Sources */,
				1CA44D7D195A0E8D002D0D64 /* GFAudioPlayer.m in Sources */,
			);
			runOnlyForDeploymentPostprocessing = 0;
		};
		1CA12E141954C6840049F412 /* Sources */ = {
			isa = PBXSourcesBuildPhase;
			buildActionMask = 2147483647;
			files = (
				1CA12E261954C6840049F412 /* VKMusicTests.m in Sources */,
			);
			runOnlyForDeploymentPostprocessing = 0;
		};
/* End PBXSourcesBuildPhase section */

/* Begin PBXTargetDependency section */
		1CA12E1E1954C6840049F412 /* PBXTargetDependency */ = {
			isa = PBXTargetDependency;
			target = 1CA12DF31954C6840049F412 /* VKMusic */;
			targetProxy = 1CA12E1D1954C6840049F412 /* PBXContainerItemProxy */;
		};
/* End PBXTargetDependency section */

/* Begin PBXVariantGroup section */
		1CA12E001954C6840049F412 /* InfoPlist.strings */ = {
			isa = PBXVariantGroup;
			children = (
				1CA12E011954C6840049F412 /* en */,
			);
			name = InfoPlist.strings;
			sourceTree = "<group>";
		};
		1CA12E091954C6840049F412 /* Main_iPhone.storyboard */ = {
			isa = PBXVariantGroup;
			children = (
				1CA12E0A1954C6840049F412 /* Base */,
			);
			name = Main_iPhone.storyboard;
			sourceTree = "<group>";
		};
		1CA12E0C1954C6840049F412 /* Main_iPad.storyboard */ = {
			isa = PBXVariantGroup;
			children = (
				1CA12E0D1954C6840049F412 /* Base */,
			);
			name = Main_iPad.storyboard;
			sourceTree = "<group>";
		};
		1CA12E221954C6840049F412 /* InfoPlist.strings */ = {
			isa = PBXVariantGroup;
			children = (
				1CA12E231954C6840049F412 /* en */,
			);
			name = InfoPlist.strings;
			sourceTree = "<group>";
		};
/* End PBXVariantGroup section */

/* Begin XCBuildConfiguration section */
		1CA12E271954C6840049F412 /* Debug */ = {
			isa = XCBuildConfiguration;
			buildSettings = {
				ALWAYS_SEARCH_USER_PATHS = NO;
				CLANG_CXX_LANGUAGE_STANDARD = "gnu++0x";
				CLANG_CXX_LIBRARY = "libc++";
				CLANG_ENABLE_MODULES = YES;
				CLANG_ENABLE_OBJC_ARC = YES;
				CLANG_WARN_BOOL_CONVERSION = YES;
				CLANG_WARN_CONSTANT_CONVERSION = YES;
				CLANG_WARN_DIRECT_OBJC_ISA_USAGE = YES_ERROR;
				CLANG_WARN_EMPTY_BODY = YES;
				CLANG_WARN_ENUM_CONVERSION = YES;
				CLANG_WARN_INT_CONVERSION = YES;
				CLANG_WARN_OBJC_ROOT_CLASS = YES_ERROR;
				CLANG_WARN__DUPLICATE_METHOD_MATCH = YES;
				"CODE_SIGN_IDENTITY[sdk=iphoneos*]" = "iPhone Developer";
				COPY_PHASE_STRIP = NO;
				GCC_C_LANGUAGE_STANDARD = gnu99;
				GCC_DYNAMIC_NO_PIC = NO;
				GCC_OPTIMIZATION_LEVEL = 0;
				GCC_PREPROCESSOR_DEFINITIONS = (
					"DEBUG=1",
					"$(inherited)",
				);
				GCC_SYMBOLS_PRIVATE_EXTERN = NO;
				GCC_WARN_64_TO_32_BIT_CONVERSION = YES;
				GCC_WARN_ABOUT_RETURN_TYPE = YES_ERROR;
				GCC_WARN_UNDECLARED_SELECTOR = YES;
				GCC_WARN_UNINITIALIZED_AUTOS = YES_AGGRESSIVE;
				GCC_WARN_UNUSED_FUNCTION = YES;
				GCC_WARN_UNUSED_VARIABLE = YES;
				IPHONEOS_DEPLOYMENT_TARGET = 7.1;
				ONLY_ACTIVE_ARCH = YES;
				SDKROOT = iphoneos;
				TARGETED_DEVICE_FAMILY = "1,2";
			};
			name = Debug;
		};
		1CA12E281954C6840049F412 /* Release */ = {
			isa = XCBuildConfiguration;
			buildSettings = {
				ALWAYS_SEARCH_USER_PATHS = NO;
				CLANG_CXX_LANGUAGE_STANDARD = "gnu++0x";
				CLANG_CXX_LIBRARY = "libc++";
				CLANG_ENABLE_MODULES = YES;
				CLANG_ENABLE_OBJC_ARC = YES;
				CLANG_WARN_BOOL_CONVERSION = YES;
				CLANG_WARN_CONSTANT_CONVERSION = YES;
				CLANG_WARN_DIRECT_OBJC_ISA_USAGE = YES_ERROR;
				CLANG_WARN_EMPTY_BODY = YES;
				CLANG_WARN_ENUM_CONVERSION = YES;
				CLANG_WARN_INT_CONVERSION = YES;
				CLANG_WARN_OBJC_ROOT_CLASS = YES_ERROR;
				CLANG_WARN__DUPLICATE_METHOD_MATCH = YES;
				"CODE_SIGN_IDENTITY[sdk=iphoneos*]" = "iPhone Developer";
				COPY_PHASE_STRIP = YES;
				ENABLE_NS_ASSERTIONS = NO;
				GCC_C_LANGUAGE_STANDARD = gnu99;
				GCC_WARN_64_TO_32_BIT_CONVERSION = YES;
				GCC_WARN_ABOUT_RETURN_TYPE = YES_ERROR;
				GCC_WARN_UNDECLARED_SELECTOR = YES;
				GCC_WARN_UNINITIALIZED_AUTOS = YES_AGGRESSIVE;
				GCC_WARN_UNUSED_FUNCTION = YES;
				GCC_WARN_UNUSED_VARIABLE = YES;
				IPHONEOS_DEPLOYMENT_TARGET = 7.1;
				SDKROOT = iphoneos;
				TARGETED_DEVICE_FAMILY = "1,2";
				VALIDATE_PRODUCT = YES;
			};
			name = Release;
		};
		1CA12E2A1954C6840049F412 /* Debug */ = {
			isa = XCBuildConfiguration;
			buildSettings = {
				ASSETCATALOG_COMPILER_APPICON_NAME = AppIcon;
				ASSETCATALOG_COMPILER_LAUNCHIMAGE_NAME = LaunchImage;
				GCC_PRECOMPILE_PREFIX_HEADER = YES;
				GCC_PREFIX_HEADER = "VKMusic/VKMusic-Prefix.pch";
				HEADER_SEARCH_PATHS = (
					"$(inherited)",
					"/Volumes/Macintosh\\ HD/Applications/Xcode.app/Contents/Developer/Toolchains/XcodeDefault.xctoolchain/usr/include",
					"$(SRCROOT)/vk-ios-sdk/sdk/sdk/**",
				);
				INFOPLIST_FILE = "VKMusic/VKMusic-Info.plist";
				OTHER_LDFLAGS = "-ObjC";
				PRODUCT_NAME = "$(TARGET_NAME)";
				TARGETED_DEVICE_FAMILY = 1;
				WRAPPER_EXTENSION = app;
			};
			name = Debug;
		};
		1CA12E2B1954C6840049F412 /* Release */ = {
			isa = XCBuildConfiguration;
			buildSettings = {
				ASSETCATALOG_COMPILER_APPICON_NAME = AppIcon;
				ASSETCATALOG_COMPILER_LAUNCHIMAGE_NAME = LaunchImage;
				GCC_PRECOMPILE_PREFIX_HEADER = YES;
				GCC_PREFIX_HEADER = "VKMusic/VKMusic-Prefix.pch";
				HEADER_SEARCH_PATHS = (
					"$(inherited)",
					"/Volumes/Macintosh\\ HD/Applications/Xcode.app/Contents/Developer/Toolchains/XcodeDefault.xctoolchain/usr/include",
					"$(SRCROOT)/vk-ios-sdk/sdk/sdk/**",
				);
				INFOPLIST_FILE = "VKMusic/VKMusic-Info.plist";
				OTHER_LDFLAGS = "-ObjC";
				PRODUCT_NAME = "$(TARGET_NAME)";
				TARGETED_DEVICE_FAMILY = 1;
				WRAPPER_EXTENSION = app;
			};
			name = Release;
		};
		1CA12E2D1954C6840049F412 /* Debug */ = {
			isa = XCBuildConfiguration;
			buildSettings = {
				BUNDLE_LOADER = "$(BUILT_PRODUCTS_DIR)/VKMusic.app/VKMusic";
				FRAMEWORK_SEARCH_PATHS = (
					"$(SDKROOT)/Developer/Library/Frameworks",
					"$(inherited)",
					"$(DEVELOPER_FRAMEWORKS_DIR)",
				);
				GCC_PRECOMPILE_PREFIX_HEADER = YES;
				GCC_PREFIX_HEADER = "VKMusic/VKMusic-Prefix.pch";
				GCC_PREPROCESSOR_DEFINITIONS = (
					"DEBUG=1",
					"$(inherited)",
				);
				INFOPLIST_FILE = "VKMusicTests/VKMusicTests-Info.plist";
				PRODUCT_NAME = "$(TARGET_NAME)";
				TEST_HOST = "$(BUNDLE_LOADER)";
				WRAPPER_EXTENSION = xctest;
			};
			name = Debug;
		};
		1CA12E2E1954C6840049F412 /* Release */ = {
			isa = XCBuildConfiguration;
			buildSettings = {
				BUNDLE_LOADER = "$(BUILT_PRODUCTS_DIR)/VKMusic.app/VKMusic";
				FRAMEWORK_SEARCH_PATHS = (
					"$(SDKROOT)/Developer/Library/Frameworks",
					"$(inherited)",
					"$(DEVELOPER_FRAMEWORKS_DIR)",
				);
				GCC_PRECOMPILE_PREFIX_HEADER = YES;
				GCC_PREFIX_HEADER = "VKMusic/VKMusic-Prefix.pch";
				INFOPLIST_FILE = "VKMusicTests/VKMusicTests-Info.plist";
				PRODUCT_NAME = "$(TARGET_NAME)";
				TEST_HOST = "$(BUNDLE_LOADER)";
				WRAPPER_EXTENSION = xctest;
			};
			name = Release;
		};
/* End XCBuildConfiguration section */

/* Begin XCConfigurationList section */
		1CA12DEF1954C6840049F412 /* Build configuration list for PBXProject "VKMusic" */ = {
			isa = XCConfigurationList;
			buildConfigurations = (
				1CA12E271954C6840049F412 /* Debug */,
				1CA12E281954C6840049F412 /* Release */,
			);
			defaultConfigurationIsVisible = 0;
			defaultConfigurationName = Release;
		};
		1CA12E291954C6840049F412 /* Build configuration list for PBXNativeTarget "VKMusic" */ = {
			isa = XCConfigurationList;
			buildConfigurations = (
				1CA12E2A1954C6840049F412 /* Debug */,
				1CA12E2B1954C6840049F412 /* Release */,
			);
			defaultConfigurationIsVisible = 0;
			defaultConfigurationName = Release;
		};
		1CA12E2C1954C6840049F412 /* Build configuration list for PBXNativeTarget "VKMusicTests" */ = {
			isa = XCConfigurationList;
			buildConfigurations = (
				1CA12E2D1954C6840049F412 /* Debug */,
				1CA12E2E1954C6840049F412 /* Release */,
			);
			defaultConfigurationIsVisible = 0;
			defaultConfigurationName = Release;
		};
/* End XCConfigurationList section */

/* Begin XCVersionGroup section */
		1CA44D83195B51F4002D0D64 /* Model.xcdatamodeld */ = {
			isa = XCVersionGroup;
			children = (
				1CA44D84195B51F4002D0D64 /* Model.xcdatamodel */,
			);
			currentVersion = 1CA44D84195B51F4002D0D64 /* Model.xcdatamodel */;
			path = Model.xcdatamodeld;
			sourceTree = "<group>";
			versionGroupType = wrapper.xcdatamodel;
		};
/* End XCVersionGroup section */
	};
	rootObject = 1CA12DEC1954C6840049F412 /* Project object */;
}
